Microsoft Visual Studio Solution File, Format Version 12.00
# Visual Studio 2012
Project("{FAE04EC0-301F-11D3-BF4B-00C04F79EFBC}") = "pgtest", "pgtest.csproj", "{CA7529DD-4286-484E-905D-FEC826BF2671}"
EndProject
Global
	GlobalSection(SolutionConfigurationPlatforms) = preSolution
	Debug|Any CPU = Debug|Any CPU
	ExportDebug|Any CPU = ExportDebug|Any CPU
	ExportRelease|Any CPU = ExportRelease|Any CPU
	EndGlobalSection
	GlobalSection(ProjectConfigurationPlatforms) = postSolution
		{CA7529DD-4286-484E-905D-FEC826BF2671}.Debug|Any CPU.ActiveCfg = Debug|Any CPU
		{CA7529DD-4286-484E-905D-FEC826BF2671}.Debug|Any CPU.Build.0 = Debug|Any CPU
		{CA7529DD-4286-484E-905D-FEC826BF2671}.ExportDebug|Any CPU.ActiveCfg = ExportDebug|Any CPU
		{CA7529DD-4286-484E-905D-FEC826BF2671}.ExportDebug|Any CPU.Build.0 = ExportDebug|Any CPU
		{CA7529DD-4286-484E-905D-FEC826BF2671}.ExportRelease|Any CPU.ActiveCfg = ExportRelease|Any CPU
		{CA7529DD-4286-484E-905D-FEC826BF2671}.ExportRelease|Any CPU.Build.0 = ExportRelease|Any CPU
	EndGlobalSection
EndGlobal
